
Microsoft Visual Studio Solution File, Format Version 12.00
# Visual Studio Version 17
VisualStudioVersion = 17.6.33815.320
MinimumVisualStudioVersion = 10.0.40219.1
Project("{8BC9CEB8-8B4A-11D0-8D11-00A0C91BC942}") = "Baseball", "Baseball\Baseball.vcxproj", "{4B3B1181-0DEF-4B6F-AD25-42CEF4DCD580}"
EndProject
Project("{8BC9CEB8-8B4A-11D0-8D11-00A0C91BC942}") = "Baseball-Test", "Baseball-Test\Baseball-Test.vcxproj", "{C9929E25-D822-41A3-A2A9-FF291527460B}"
EndProject
Project("{2150E333-8FDC-42A3-9474-1A3956D46DE8}") = "솔루션 항목", "솔루션 항목", "{0C42281B-4913-423B-9C86-F4701DEE785C}"
	ProjectSection(SolutionItems) = preProject
		.gitignore = .gitignore
		README.md = README.md
	EndProjectSection
EndProject
Global
	GlobalSection(SolutionConfigurationPlatforms) = preSolution
		Debug|x64 = Debug|x64
		Debug|x86 = Debug|x86
		Release|x64 = Release|x64
		Release|x86 = Release|x86
	EndGlobalSection
	GlobalSection(ProjectConfigurationPlatforms) = postSolution
		{4B3B1181-0DEF-4B6F-AD25-42CEF4DCD580}.Debug|x64.ActiveCfg = Debug|x64
		{4B3B1181-0DEF-4B6F-AD25-42CEF4DCD580}.Debug|x64.Build.0 = Debug|x64
		{4B3B1181-0DEF-4B6F-AD25-42CEF4DCD580}.Debug|x86.ActiveCfg = Debug|Win32
		{4B3B1181-0DEF-4B6F-AD25-42CEF4DCD580}.Debug|x86.Build.0 = Debug|Win32
		{4B3B1181-0DEF-4B6F-AD25-42CEF4DCD580}.Release|x64.ActiveCfg = Release|x64
		{4B3B1181-0DEF-4B6F-AD25-42CEF4DCD580}.Release|x64.Build.0 = Release|x64
		{4B3B1181-0DEF-4B6F-AD25-42CEF4DCD580}.Release|x86.ActiveCfg = Release|Win32
		{4B3B1181-0DEF-4B6F-AD25-42CEF4DCD580}.Release|x86.Build.0 = Release|Win32
		{C9929E25-D822-41A3-A2A9-FF291527460B}.Debug|x64.ActiveCfg = Debug|x64
		{C9929E25-D822-41A3-A2A9-FF291527460B}.Debug|x64.Build.0 = Debug|x64
		{C9929E25-D822-41A3-A2A9-FF291527460B}.Debug|x86.ActiveCfg = Debug|Win32
		{C9929E25-D822-41A3-A2A9-FF291527460B}.Debug|x86.Build.0 = Debug|Win32
		{C9929E25-D822-41A3-A2A9-FF291527460B}.Release|x64.ActiveCfg = Release|x64
		{C9929E25-D822-41A3-A2A9-FF291527460B}.Release|x64.Build.0 = Release|x64
		{C9929E25-D822-41A3-A2A9-FF291527460B}.Release|x86.ActiveCfg = Release|Win32
		{C9929E25-D822-41A3-A2A9-FF291527460B}.Release|x86.Build.0 = Release|Win32
	EndGlobalSection
	GlobalSection(SolutionProperties) = preSolution
		HideSolutionNode = FALSE
	EndGlobalSection
	GlobalSection(ExtensibilityGlobals) = postSolution
		SolutionGuid = {B8A44CBE-147C-4218-A809-903609DD46E2}
	EndGlobalSection
EndGlobal
